Microsoft Visual Studio Solution File, Format Version 12.00
# Visual Studio Version 17
VisualStudioVersion = 17.8.34525.116
MinimumVisualStudioVersion = 10.0.40219.1
Project("{9A19103F-16F7-4668-BE54-9A1E7A4F7556}") = "FilesUploaderAPI", "FilesUploaderAPI\FilesUploaderAPI.csproj", "{24E3CACD-8871-489D-A64B-B9539214F6E0}"
EndProject
Project("{9A19103F-16F7-4668-BE54-9A1E7A4F7556}") = "FileUploaderTests", "FileUploaderTests\FileUploaderTests.csproj", "{D1A8DFAC-8393-40AF-A4FC-25CB21D08CDB}"
EndProject
Global
	GlobalSection(SolutionConfigurationPlatforms) = preSolution
		Debug|Any CPU = Debug|Any CPU
		Release|Any CPU = Release|Any CPU
	EndGlobalSection
	GlobalSection(ProjectConfigurationPlatforms) = postSolution
		{24E3CACD-8871-489D-A64B-B9539214F6E0}.Debug|Any CPU.ActiveCfg = Debug|Any CPU
		{24E3CACD-8871-489D-A64B-B9539214F6E0}.Debug|Any CPU.Build.0 = Debug|Any CPU
		{24E3CACD-8871-489D-A64B-B9539214F6E0}.Release|Any CPU.ActiveCfg = Release|Any CPU
		{24E3CACD-8871-489D-A64B-B9539214F6E0}.Release|Any CPU.Build.0 = Release|Any CPU
		{D1A8DFAC-8393-40AF-A4FC-25CB21D08CDB}.Debug|Any CPU.ActiveCfg = Debug|Any CPU
		{D1A8DFAC-8393-40AF-A4FC-25CB21D08CDB}.Debug|Any CPU.Build.0 = Debug|Any CPU
		{D1A8DFAC-8393-40AF-A4FC-25CB21D08CDB}.Release|Any CPU.ActiveCfg = Release|Any CPU
		{D1A8DFAC-8393-40AF-A4FC-25CB21D08CDB}.Release|Any CPU.Build.0 = Release|Any CPU
	EndGlobalSection
	GlobalSection(SolutionProperties) = preSolution
		HideSolutionNode = FALSE
	EndGlobalSection
	GlobalSection(ExtensibilityGlobals) = postSolution
		SolutionGuid = {382565F0-E649-4952-B987-68F788AAE1CA}
	EndGlobalSection
EndGlobal
